
Microsoft Visual Studio Solution File, Format Version 12.00
# Visual Studio Version 17
VisualStudioVersion = 17.13.35919.96 d17.13
MinimumVisualStudioVersion = 10.0.40219.1
Project("{888888A0-9F3D-457C-B088-3A5042F75D52}") = "Hotelguru_2", "Hotelguru_2.pyproj", "{0A546C0F-D40A-4971-A63E-0A1271AE506A}"
EndProject
Global
	GlobalSection(SolutionConfigurationPlatforms) = preSolution
		Debug|Any CPU = Debug|Any CPU
		Release|Any CPU = Release|Any CPU
	EndGlobalSection
	GlobalSection(ProjectConfigurationPlatforms) = postSolution
		{0A546C0F-D40A-4971-A63E-0A1271AE506A}.Debug|Any CPU.ActiveCfg = Debug|Any CPU
		{0A546C0F-D40A-4971-A63E-0A1271AE506A}.Release|Any CPU.ActiveCfg = Release|Any CPU
	EndGlobalSection
	GlobalSection(SolutionProperties) = preSolution
		HideSolutionNode = FALSE
	EndGlobalSection
	GlobalSection(ExtensibilityGlobals) = postSolution
		SolutionGuid = {372A355E-7E5E-4E51-80A2-CE24293AB7E7}
	EndGlobalSection
EndGlobal
